
Microsoft Visual Studio Solution File, Format Version 12.00
# Visual Studio 14
VisualStudioVersion = 14.0.23107.0
MinimumVisualStudioVersion = 10.0.40219.1
Project("{FAE04EC0-301F-11D3-BF4B-00C04F79EFBC}") = "AdvancedColorPickerDemo-Unified", "AdvancedColorPickerDemo-Unified.csproj", "{35183A50-D9CD-4D32-A46C-2FA58A81E78A}"
EndProject
Project("{FAE04EC0-301F-11D3-BF4B-00C04F79EFBC}") = "AdvancedColorPicker-Unified", "..\AdvancedColorPicker-Unified\AdvancedColorPicker-Unified.csproj", "{AC4519F9-F624-4562-8E36-23B22C1E92DA}"
EndProject
Global
	GlobalSection(SolutionConfigurationPlatforms) = preSolution
		Debug|iPhone = Debug|iPhone
		Debug|iPhoneSimulator = Debug|iPhoneSimulator
		Release|iPhone = Release|iPhone
		Release|iPhoneSimulator = Release|iPhoneSimulator
	EndGlobalSection
	GlobalSection(ProjectConfigurationPlatforms) = postSolution
		{35183A50-D9CD-4D32-A46C-2FA58A81E78A}.Debug|iPhone.ActiveCfg = Debug|iPhone
		{35183A50-D9CD-4D32-A46C-2FA58A81E78A}.Debug|iPhone.Build.0 = Debug|iPhone
		{35183A50-D9CD-4D32-A46C-2FA58A81E78A}.Debug|iPhoneSimulator.ActiveCfg = Debug|iPhoneSimulator
		{35183A50-D9CD-4D32-A46C-2FA58A81E78A}.Debug|iPhoneSimulator.Build.0 = Debug|iPhoneSimulator
		{35183A50-D9CD-4D32-A46C-2FA58A81E78A}.Release|iPhone.ActiveCfg = Release|iPhone
		{35183A50-D9CD-4D32-A46C-2FA58A81E78A}.Release|iPhone.Build.0 = Release|iPhone
		{35183A50-D9CD-4D32-A46C-2FA58A81E78A}.Release|iPhoneSimulator.ActiveCfg = Release|iPhoneSimulator
		{35183A50-D9CD-4D32-A46C-2FA58A81E78A}.Release|iPhoneSimulator.Build.0 = Release|iPhoneSimulator
		{AC4519F9-F624-4562-8E36-23B22C1E92DA}.Debug|iPhone.ActiveCfg = Debug|Any CPU
		{AC4519F9-F624-4562-8E36-23B22C1E92DA}.Debug|iPhone.Build.0 = Debug|Any CPU
		{AC4519F9-F624-4562-8E36-23B22C1E92DA}.Debug|iPhoneSimulator.ActiveCfg = Debug|Any CPU
		{AC4519F9-F624-4562-8E36-23B22C1E92DA}.Debug|iPhoneSimulator.Build.0 = Debug|Any CPU
		{AC4519F9-F624-4562-8E36-23B22C1E92DA}.Release|iPhone.ActiveCfg = Release|Any CPU
		{AC4519F9-F624-4562-8E36-23B22C1E92DA}.Release|iPhone.Build.0 = Release|Any CPU
		{AC4519F9-F624-4562-8E36-23B22C1E92DA}.Release|iPhoneSimulator.ActiveCfg = Release|Any CPU
		{AC4519F9-F624-4562-8E36-23B22C1E92DA}.Release|iPhoneSimulator.Build.0 = Release|Any CPU
	EndGlobalSection
	GlobalSection(SolutionProperties) = preSolution
		HideSolutionNode = FALSE
	EndGlobalSection
	GlobalSection(MonoDevelopProperties) = preSolution
		StartupItem = AdvancedColorPickerDemo\AdvancedColorPickerDemo.csproj
	EndGlobalSection
EndGlobal
